// !$*UTF8*$!
{
	archiveVersion = 1;
	classes = {
	};
	objectVersion = 56;
	objects = {

/* Begin PBXBuildFile section */
		6AA7C944296AD3BB00861957 /* dtpkrApp.swift in Sources */ = {isa = PBXBuildFile; fileRef = 6AA7C943296AD3BB00861957 /* dtpkrApp.swift */; };
		6AA7C946296AD3BB00861957 /* ContentView.swift in Sources */ = {isa = PBXBuildFile; fileRef = 6AA7C945296AD3BB00861957 /* ContentView.swift */; };
		6AA7C948296AD3BC00861957 /* Assets.xcassets in Resources */ = {isa = PBXBuildFile; fileRef = 6AA7C947296AD3BC00861957 /* Assets.xcassets */; };
		6AA7C94B296AD3BC00861957 /* Preview Assets.xcassets in Resources */ = {isa = PBXBuildFile; fileRef = 6AA7C94A296AD3BC00861957 /* Preview Assets.xcassets */; };
		6AA7C956296AD3BC00861957 /* dtpkrTests.swift in Sources */ = {isa = PBXBuildFile; fileRef = 6AA7C955296AD3BC00861957 /* dtpkrTests.swift */; };
		6AA7C960296AD3BC00861957 /* dtpkrUITests.swift in Sources */ = {isa = PBXBuildFile; fileRef = 6AA7C95F296AD3BC00861957 /* dtpkrUITests.swift */; };
		6AA7C962296AD3BC00861957 /* dtpkrUITestsLaunchTests.swift in Sources */ = {isa = PBXBuildFile; fileRef = 6AA7C961296AD3BC00861957 /* dtpkrUITestsLaunchTests.swift */; };
/* End PBXBuildFile section */

/* Begin PBXContainerItemProxy section */
		6AA7C952296AD3BC00861957 /* PBXContainerItemProxy */ = {
			isa = PBXContainerItemProxy;
			containerPortal = 6AA7C938296AD3BB00861957 /* Project object */;
			proxyType = 1;
			remoteGlobalIDString = 6AA7C93F296AD3BB00861957;
			remoteInfo = dtpkr;
		};
		6AA7C95C296AD3BC00861957 /* PBXContainerItemProxy */ = {
			isa = PBXContainerItemProxy;
			containerPortal = 6AA7C938296AD3BB00861957 /* Project object */;
			proxyType = 1;
			remoteGlobalIDString = 6AA7C93F296AD3BB00861957;
			remoteInfo = dtpkr;
		};
/* End PBXContainerItemProxy section */

/* Begin PBXFileReference section */
		6AA7C940296AD3BB00861957 /* dtpkr.app */ = {isa = PBXFileReference; explicitFileType = wrapper.application; includeInIndex = 0; path = dtpkr.app; sourceTree = BUILT_PRODUCTS_DIR; };
		6AA7C943296AD3BB00861957 /* dtpkrApp.swift */ = {isa = PBXFileReference; lastKnownFileType = sourcecode.swift; path = dtpkrApp.swift; sourceTree = "<group>"; };
		6AA7C945296AD3BB00861957 /* ContentView.swift */ = {isa = PBXFileReference; lastKnownFileType = sourcecode.swift; path = ContentView.swift; sourceTree = "<group>"; };
		6AA7C947296AD3BC00861957 /* Assets.xcassets */ = {isa = PBXFileReference; lastKnownFileType = folder.assetcatalog; path = Assets.xcassets; sourceTree = "<group>"; };
		6AA7C94A296AD3BC00861957 /* Preview Assets.xcassets */ = {isa = PBXFileReference; lastKnownFileType = folder.assetcatalog; path = "Preview Assets.xcassets"; sourceTree = "<group>"; };
		6AA7C94C296AD3BC00861957 /* dtpkr.entitlements */ = {isa = PBXFileReference; lastKnownFileType = text.plist.entitlements; path = dtpkr.entitlements; sourceTree = "<group>"; };
		6AA7C951296AD3BC00861957 /* dtpkrTests.xctest */ = {isa = PBXFileReference; explicitFileType = wrapper.cfbundle; includeInIndex = 0; path = dtpkrTests.xctest; sourceTree = BUILT_PRODUCTS_DIR; };
		6AA7C955296AD3BC00861957 /* dtpkrTests.swift */ = {isa = PBXFileReference; lastKnownFileType = sourcecode.swift; path = dtpkrTests.swift; sourceTree = "<group>"; };
		6AA7C95B296AD3BC00861957 /* dtpkrUITests.xctest */ = {isa = PBXFileReference; explicitFileType = wrapper.cfbundle; includeInIndex = 0; path = dtpkrUITests.xctest; sourceTree = BUILT_PRODUCTS_DIR; };
		6AA7C95F296AD3BC00861957 /* dtpkrUITests.swift */ = {isa = PBXFileReference; lastKnownFileType = sourcecode.swift; path = dtpkrUITests.swift; sourceTree = "<group>"; };
		6AA7C961296AD3BC00861957 /* dtpkrUITestsLaunchTests.swift */ = {isa = PBXFileReference; lastKnownFileType = sourcecode.swift; path = dtpkrUITestsLaunchTests.swift; sourceTree = "<group>"; };
/* End PBXFileReference section */

/* Begin PBXFrameworksBuildPhase section */
		6AA7C93D296AD3BB00861957 /* Frameworks */ = {
			isa = PBXFrameworksBuildPhase;
			buildActionMask = 2147483647;
			files = (
			);
			runOnlyForDeploymentPostprocessing = 0;
		};
		6AA7C94E296AD3BC00861957 /* Frameworks */ = {
			isa = PBXFrameworksBuildPhase;
			buildActionMask = 2147483647;
			files = (
			);
			runOnlyForDeploymentPostprocessing = 0;
		};
		6AA7C958296AD3BC00861957 /* Frameworks */ = {
			isa = PBXFrameworksBuildPhase;
			buildActionMask = 2147483647;
			files = (
			);
			runOnlyForDeploymentPostprocessing = 0;
		};
/* End PBXFrameworksBuildPhase section */

/* Begin PBXGroup section */
		6AA7C937296AD3BB00861957 = {
			isa = PBXGroup;
			children = (
				6AA7C942296AD3BB00861957 /* dtpkr */,
				6AA7C954296AD3BC00861957 /* dtpkrTests */,
				6AA7C95E296AD3BC00861957 /* dtpkrUITests */,
				6AA7C941296AD3BB00861957 /* Products */,
			);
			sourceTree = "<group>";
		};
		6AA7C941296AD3BB00861957 /* Products */ = {
			isa = PBXGroup;
			children = (
				6AA7C940296AD3BB00861957 /* dtpkr.app */,
				6AA7C951296AD3BC00861957 /* dtpkrTests.xctest */,
				6AA7C95B296AD3BC00861957 /* dtpkrUITests.xctest */,
			);
			name = Products;
			sourceTree = "<group>";
		};
		6AA7C942296AD3BB00861957 /* dtpkr */ = {
			isa = PBXGroup;
			children = (
				6AA7C943296AD3BB00861957 /* dtpkrApp.swift */,
				6AA7C945296AD3BB00861957 /* ContentView.swift */,
				6AA7C947296AD3BC00861957 /* Assets.xcassets */,
				6AA7C94C296AD3BC00861957 /* dtpkr.entitlements */,
				6AA7C949296AD3BC00861957 /* Preview Content */,
			);
			path = dtpkr;
			sourceTree = "<group>";
		};
		6AA7C949296AD3BC00861957 /* Preview Content */ = {
			isa = PBXGroup;
			children = (
				6AA7C94A296AD3BC00861957 /* Preview Assets.xcassets */,
			);
			path = "Preview Content";
			sourceTree = "<group>";
		};
		6AA7C954296AD3BC00861957 /* dtpkrTests */ = {
			isa = PBXGroup;
			children = (
				6AA7C955296AD3BC00861957 /* dtpkrTests.swift */,
			);
			path = dtpkrTests;
			sourceTree = "<group>";
		};
		6AA7C95E296AD3BC00861957 /* dtpkrUITests */ = {
			isa = PBXGroup;
			children = (
				6AA7C95F296AD3BC00861957 /* dtpkrUITests.swift */,
				6AA7C961296AD3BC00861957 /* dtpkrUITestsLaunchTests.swift */,
			);
			path = dtpkrUITests;
			sourceTree = "<group>";
		};
/* End PBXGroup section */

/* Begin PBXNativeTarget section */
		6AA7C93F296AD3BB00861957 /* dtpkr */ = {
			isa = PBXNativeTarget;
			buildConfigurationList = 6AA7C965296AD3BC00861957 /* Build configuration list for PBXNativeTarget "dtpkr" */;
			buildPhases = (
				6AA7C93C296AD3BB00861957 /* Sources */,
				6AA7C93D296AD3BB00861957 /* Frameworks */,
				6AA7C93E296AD3BB00861957 /* Resources */,
			);
			buildRules = (
			);
			dependencies = (
			);
			name = dtpkr;
			productName = dtpkr;
			productReference = 6AA7C940296AD3BB00861957 /* dtpkr.app */;
			productType = "com.apple.product-type.application";
		};
		6AA7C950296AD3BC00861957 /* dtpkrTests */ = {
			isa = PBXNativeTarget;
			buildConfigurationList = 6AA7C968296AD3BC00861957 /* Build configuration list for PBXNativeTarget "dtpkrTests" */;
			buildPhases = (
				6AA7C94D296AD3BC00861957 /* Sources */,
				6AA7C94E296AD3BC00861957 /* Frameworks */,
				6AA7C94F296AD3BC00861957 /* Resources */,
			);
			buildRules = (
			);
			dependencies = (
				6AA7C953296AD3BC00861957 /* PBXTargetDependency */,
			);
			name = dtpkrTests;
			productName = dtpkrTests;
			productReference = 6AA7C951296AD3BC00861957 /* dtpkrTests.xctest */;
			productType = "com.apple.product-type.bundle.unit-test";
		};
		6AA7C95A296AD3BC00861957 /* dtpkrUITests */ = {
			isa = PBXNativeTarget;
			buildConfigurationList = 6AA7C96B296AD3BC00861957 /* Build configuration list for PBXNativeTarget "dtpkrUITests" */;
			buildPhases = (
				6AA7C957296AD3BC00861957 /* Sources */,
				6AA7C958296AD3BC00861957 /* Frameworks */,
				6AA7C959296AD3BC00861957 /* Resources */,
			);
			buildRules = (
			);
			dependencies = (
				6AA7C95D296AD3BC00861957 /* PBXTargetDependency */,
			);
			name = dtpkrUITests;
			productName = dtpkrUITests;
			productReference = 6AA7C95B296AD3BC00861957 /* dtpkrUITests.xctest */;
			productType = "com.apple.product-type.bundle.ui-testing";
		};
/* End PBXNativeTarget section */

/* Begin PBXProject section */
		6AA7C938296AD3BB00861957 /* Project object */ = {
			isa = PBXProject;
			attributes = {
				BuildIndependentTargetsInParallel = 1;
				LastSwiftUpdateCheck = 1420;
				LastUpgradeCheck = 1420;
				TargetAttributes = {
					6AA7C93F296AD3BB00861957 = {
						CreatedOnToolsVersion = 14.2;
					};
					6AA7C950296AD3BC00861957 = {
						CreatedOnToolsVersion = 14.2;
						TestTargetID = 6AA7C93F296AD3BB00861957;
					};
					6AA7C95A296AD3BC00861957 = {
						CreatedOnToolsVersion = 14.2;
						TestTargetID = 6AA7C93F296AD3BB00861957;
					};
				};
			};
			buildConfigurationList = 6AA7C93B296AD3BB00861957 /* Build configuration list for PBXProject "dtpkr" */;
			compatibilityVersion = "Xcode 14.0";
			developmentRegion = en;
			hasScannedForEncodings = 0;
			knownRegions = (
				en,
				Base,
			);
			mainGroup = 6AA7C937296AD3BB00861957;
			productRefGroup = 6AA7C941296AD3BB00861957 /* Products */;
			projectDirPath = "";
			projectRoot = "";
			targets = (
				6AA7C93F296AD3BB00861957 /* dtpkr */,
				6AA7C950296AD3BC00861957 /* dtpkrTests */,
				6AA7C95A296AD3BC00861957 /* dtpkrUITests */,
			);
		};
/* End PBXProject section */

/* Begin PBXResourcesBuildPhase section */
		6AA7C93E296AD3BB00861957 /* Resources */ = {
			isa = PBXResourcesBuildPhase;
			buildActionMask = 2147483647;
			files = (
				6AA7C94B296AD3BC00861957 /* Preview Assets.xcassets in Resources */,
				6AA7C948296AD3BC00861957 /* Assets.xcassets in Resources */,
			);
			runOnlyForDeploymentPostprocessing = 0;
		};
		6AA7C94F296AD3BC00861957 /* Resources */ = {
			isa = PBXResourcesBuildPhase;
			buildActionMask = 2147483647;
			files = (
			);
			runOnlyForDeploymentPostprocessing = 0;
		};
		6AA7C959296AD3BC00861957 /* Resources */ = {
			isa = PBXResourcesBuildPhase;
			buildActionMask = 2147483647;
			files = (
			);
			runOnlyForDeploymentPostprocessing = 0;
		};
/* End PBXResourcesBuildPhase section */

/* Begin PBXSourcesBuildPhase section */
		6AA7C93C296AD3BB00861957 /* Sources */ = {
			isa = PBXSourcesBuildPhase;
			buildActionMask = 2147483647;
			files = (
				6AA7C946296AD3BB00861957 /* ContentView.swift in Sources */,
				6AA7C944296AD3BB00861957 /* dtpkrApp.swift in Sources */,
			);
			runOnlyForDeploymentPostprocessing = 0;
		};
		6AA7C94D296AD3BC00861957 /* Sources */ = {
			isa = PBXSourcesBuildPhase;
			buildActionMask = 2147483647;
			files = (
				6AA7C956296AD3BC00861957 /* dtpkrTests.swift in Sources */,
			);
			runOnlyForDeploymentPostprocessing = 0;
		};
		6AA7C957296AD3BC00861957 /* Sources */ = {
			isa = PBXSourcesBuildPhase;
			buildActionMask = 2147483647;
			files = (
				6AA7C962296AD3BC00861957 /* dtpkrUITestsLaunchTests.swift in Sources */,
				6AA7C960296AD3BC00861957 /* dtpkrUITests.swift in Sources */,
			);
			runOnlyForDeploymentPostprocessing = 0;
		};
/* End PBXSourcesBuildPhase section */

/* Begin PBXTargetDependency section */
		6AA7C953296AD3BC00861957 /* PBXTargetDependency */ = {
			isa = PBXTargetDependency;
			target = 6AA7C93F296AD3BB00861957 /* dtpkr */;
			targetProxy = 6AA7C952296AD3BC00861957 /* PBXContainerItemProxy */;
		};
		6AA7C95D296AD3BC00861957 /* PBXTargetDependency */ = {
			isa = PBXTargetDependency;
			target = 6AA7C93F296AD3BB00861957 /* dtpkr */;
			targetProxy = 6AA7C95C296AD3BC00861957 /* PBXContainerItemProxy */;
		};
/* End PBXTargetDependency section */

/* Begin XCBuildConfiguration section */
		6AA7C963296AD3BC00861957 /* Debug */ = {
			isa = XCBuildConfiguration;
			buildSettings = {
				ALWAYS_SEARCH_USER_PATHS = NO;
				CLANG_ANALYZER_NONNULL = YES;
				CLANG_ANALYZER_NUMBER_OBJECT_CONVERSION = YES_AGGRESSIVE;
				CLANG_CXX_LANGUAGE_STANDARD = "gnu++20";
				CLANG_ENABLE_MODULES = YES;
				CLANG_ENABLE_OBJC_ARC = YES;
				CLANG_ENABLE_OBJC_WEAK = YES;
				CLANG_WARN_BLOCK_CAPTURE_AUTORELEASING = YES;
				CLANG_WARN_BOOL_CONVERSION = YES;
				CLANG_WARN_COMMA = YES;
				CLANG_WARN_CONSTANT_CONVERSION = YES;
				CLANG_WARN_DEPRECATED_OBJC_IMPLEMENTATIONS = YES;
				CLANG_WARN_DIRECT_OBJC_ISA_USAGE = YES_ERROR;
				CLANG_WARN_DOCUMENTATION_COMMENTS = YES;
				CLANG_WARN_EMPTY_BODY = YES;
				CLANG_WARN_ENUM_CONVERSION = YES;
				CLANG_WARN_INFINITE_RECURSION = YES;
				CLANG_WARN_INT_CONVERSION = YES;
				CLANG_WARN_NON_LITERAL_NULL_CONVERSION = YES;
				CLANG_WARN_OBJC_IMPLICIT_RETAIN_SELF = YES;
				CLANG_WARN_OBJC_LITERAL_CONVERSION = YES;
				CLANG_WARN_OBJC_ROOT_CLASS = YES_ERROR;
				CLANG_WARN_QUOTED_INCLUDE_IN_FRAMEWORK_HEADER = YES;
				CLANG_WARN_RANGE_LOOP_ANALYSIS = YES;
				CLANG_WARN_STRICT_PROTOTYPES = YES;
				CLANG_WARN_SUSPICIOUS_MOVE = YES;
				CLANG_WARN_UNGUARDED_AVAILABILITY = YES_AGGRESSIVE;
				CLANG_WARN_UNREACHABLE_CODE = YES;
				CLANG_WARN__DUPLICATE_METHOD_MATCH = YES;
				COPY_PHASE_STRIP = NO;
				DEBUG_INFORMATION_FORMAT = dwarf;
				ENABLE_STRICT_OBJC_MSGSEND = YES;
				ENABLE_TESTABILITY = YES;
				GCC_C_LANGUAGE_STANDARD = gnu11;
				GCC_DYNAMIC_NO_PIC = NO;
				GCC_NO_COMMON_BLOCKS = YES;
				GCC_OPTIMIZATION_LEVEL = 0;
				GCC_PREPROCESSOR_DEFINITIONS = (
					"DEBUG=1",
					"$(inherited)",
				);
				GCC_WARN_64_TO_32_BIT_CONVERSION = YES;
				GCC_WARN_ABOUT_RETURN_TYPE = YES_ERROR;
				GCC_WARN_UNDECLARED_SELECTOR = YES;
				GCC_WARN_UNINITIALIZED_AUTOS = YES_AGGRESSIVE;
				GCC_WARN_UNUSED_FUNCTION = YES;
				GCC_WARN_UNUSED_VARIABLE = YES;
				MACOSX_DEPLOYMENT_TARGET = 13.1;
				MTL_ENABLE_DEBUG_INFO = INCLUDE_SOURCE;
				MTL_FAST_MATH = YES;
				ONLY_ACTIVE_ARCH = YES;
				SDKROOT = macosx;
				SWIFT_ACTIVE_COMPILATION_CONDITIONS = DEBUG;
				SWIFT_OPTIMIZATION_LEVEL = "-Onone";
			};
			name = Debug;
		};
		6AA7C964296AD3BC00861957 /* Release */ = {
			isa = XCBuildConfiguration;
			buildSettings = {
				ALWAYS_SEARCH_USER_PATHS = NO;
				CLANG_ANALYZER_NONNULL = YES;
				CLANG_ANALYZER_NUMBER_OBJECT_CONVERSION = YES_AGGRESSIVE;
				CLANG_CXX_LANGUAGE_STANDARD = "gnu++20";
				CLANG_ENABLE_MODULES = YES;
				CLANG_ENABLE_OBJC_ARC = YES;
				CLANG_ENABLE_OBJC_WEAK = YES;
				CLANG_WARN_BLOCK_CAPTURE_AUTORELEASING = YES;
				CLANG_WARN_BOOL_CONVERSION = YES;
				CLANG_WARN_COMMA = YES;
				CLANG_WARN_CONSTANT_CONVERSION = YES;
				CLANG_WARN_DEPRECATED_OBJC_IMPLEMENTATIONS = YES;
				CLANG_WARN_DIRECT_OBJC_ISA_USAGE = YES_ERROR;
				CLANG_WARN_DOCUMENTATION_COMMENTS = YES;
				CLANG_WARN_EMPTY_BODY = YES;
				CLANG_WARN_ENUM_CONVERSION = YES;
				CLANG_WARN_INFINITE_RECURSION = YES;
				CLANG_WARN_INT_CONVERSION = YES;
				CLANG_WARN_NON_LITERAL_NULL_CONVERSION = YES;
				CLANG_WARN_OBJC_IMPLICIT_RETAIN_SELF = YES;
				CLANG_WARN_OBJC_LITERAL_CONVERSION = YES;
				CLANG_WARN_OBJC_ROOT_CLASS = YES_ERROR;
				CLANG_WARN_QUOTED_INCLUDE_IN_FRAMEWORK_HEADER = YES;
				CLANG_WARN_RANGE_LOOP_ANALYSIS = YES;
				CLANG_WARN_STRICT_PROTOTYPES = YES;
				CLANG_WARN_SUSPICIOUS_MOVE = YES;
				CLANG_WARN_UNGUARDED_AVAILABILITY = YES_AGGRESSIVE;
				CLANG_WARN_UNREACHABLE_CODE = YES;
				CLANG_WARN__DUPLICATE_METHOD_MATCH = YES;
				COPY_PHASE_STRIP = NO;
				DEBUG_INFORMATION_FORMAT = "dwarf-with-dsym";
				ENABLE_NS_ASSERTIONS = NO;
				ENABLE_STRICT_OBJC_MSGSEND = YES;
				GCC_C_LANGUAGE_STANDARD = gnu11;
				GCC_NO_COMMON_BLOCKS = YES;
				GCC_WARN_64_TO_32_BIT_CONVERSION = YES;
				GCC_WARN_ABOUT_RETURN_TYPE = YES_ERROR;
				GCC_WARN_UNDECLARED_SELECTOR = YES;
				GCC_WARN_UNINITIALIZED_AUTOS = YES_AGGRESSIVE;
				GCC_WARN_UNUSED_FUNCTION = YES;
				GCC_WARN_UNUSED_VARIABLE = YES;
				MACOSX_DEPLOYMENT_TARGET = 13.1;
				MTL_ENABLE_DEBUG_INFO = NO;
				MTL_FAST_MATH = YES;
				SDKROOT = macosx;
				SWIFT_COMPILATION_MODE = wholemodule;
				SWIFT_OPTIMIZATION_LEVEL = "-O";
			};
			name = Release;
		};
		6AA7C966296AD3BC00861957 /* Debug */ = {
			isa = XCBuildConfiguration;
			buildSettings = {
				ASSETCATALOG_COMPILER_APPICON_NAME = AppIcon;
				ASSETCATALOG_COMPILER_GLOBAL_ACCENT_COLOR_NAME = AccentColor;
				CODE_SIGN_ENTITLEMENTS = dtpkr/dtpkr.entitlements;
				CODE_SIGN_STYLE = Automatic;
				COMBINE_HIDPI_IMAGES = YES;
				CURRENT_PROJECT_VERSION = 1;
				DEVELOPMENT_ASSET_PATHS = "\"dtpkr/Preview Content\"";
				ENABLE_PREVIEWS = YES;
				GENERATE_INFOPLIST_FILE = YES;
				INFOPLIST_KEY_NSHumanReadableCopyright = "";
				LD_RUNPATH_SEARCH_PATHS = (
					"$(inherited)",
					"@executable_path/../Frameworks",
				);
				MARKETING_VERSION = 1.0;
				PRODUCT_BUNDLE_IDENTIFIER = knstvk.dtpkr;
				PRODUCT_NAME = "$(TARGET_NAME)";
				SWIFT_EMIT_LOC_STRINGS = YES;
				SWIFT_VERSION = 5.0;
			};
			name = Debug;
		};
		6AA7C967296AD3BC00861957 /* Release */ = {
			isa = XCBuildConfiguration;
			buildSettings = {
				ASSETCATALOG_COMPILER_APPICON_NAME = AppIcon;
				ASSETCATALOG_COMPILER_GLOBAL_ACCENT_COLOR_NAME = AccentColor;
				CODE_SIGN_ENTITLEMENTS = dtpkr/dtpkr.entitlements;
				CODE_SIGN_STYLE = Automatic;
				COMBINE_HIDPI_IMAGES = YES;
				CURRENT_PROJECT_VERSION = 1;
				DEVELOPMENT_ASSET_PATHS = "\"dtpkr/Preview Content\"";
				ENABLE_PREVIEWS = YES;
				GENERATE_INFOPLIST_FILE = YES;
				INFOPLIST_KEY_NSHumanReadableCopyright = "";
				LD_RUNPATH_SEARCH_PATHS = (
					"$(inherited)",
					"@executable_path/../Frameworks",
				);
				MARKETING_VERSION = 1.0;
				PRODUCT_BUNDLE_IDENTIFIER = knstvk.dtpkr;
				PRODUCT_NAME = "$(TARGET_NAME)";
				SWIFT_EMIT_LOC_STRINGS = YES;
				SWIFT_VERSION = 5.0;
			};
			name = Release;
		};
		6AA7C969296AD3BC00861957 /* Debug */ = {
			isa = XCBuildConfiguration;
			buildSettings = {
				ALWAYS_EMBED_SWIFT_STANDARD_LIBRARIES = YES;
				BUNDLE_LOADER = "$(TEST_HOST)";
				CODE_SIGN_STYLE = Automatic;
				CURRENT_PROJECT_VERSION = 1;
				GENERATE_INFOPLIST_FILE = YES;
				MACOSX_DEPLOYMENT_TARGET = 13.1;
				MARKETING_VERSION = 1.0;
				PRODUCT_BUNDLE_IDENTIFIER = knstvk.dtpkrTests;
				PRODUCT_NAME = "$(TARGET_NAME)";
				SWIFT_EMIT_LOC_STRINGS = NO;
				SWIFT_VERSION = 5.0;
				TEST_HOST = "$(BUILT_PRODUCTS_DIR)/dtpkr.app/$(BUNDLE_EXECUTABLE_FOLDER_PATH)/dtpkr";
			};
			name = Debug;
		};
		6AA7C96A296AD3BC00861957 /* Release */ = {
			isa = XCBuildConfiguration;
			buildSettings = {
				ALWAYS_EMBED_SWIFT_STANDARD_LIBRARIES = YES;
				BUNDLE_LOADER = "$(TEST_HOST)";
				CODE_SIGN_STYLE = Automatic;
				CURRENT_PROJECT_VERSION = 1;
				GENERATE_INFOPLIST_FILE = YES;
				MACOSX_DEPLOYMENT_TARGET = 13.1;
				MARKETING_VERSION = 1.0;
				PRODUCT_BUNDLE_IDENTIFIER = knstvk.dtpkrTests;
				PRODUCT_NAME = "$(TARGET_NAME)";
				SWIFT_EMIT_LOC_STRINGS = NO;
				SWIFT_VERSION = 5.0;
				TEST_HOST = "$(BUILT_PRODUCTS_DIR)/dtpkr.app/$(BUNDLE_EXECUTABLE_FOLDER_PATH)/dtpkr";
			};
			name = Release;
		};
		6AA7C96C296AD3BC00861957 /* Debug */ = {
			isa = XCBuildConfiguration;
			buildSettings = {
				ALWAYS_EMBED_SWIFT_STANDARD_LIBRARIES = YES;
				CODE_SIGN_STYLE = Automatic;
				CURRENT_PROJECT_VERSION = 1;
				GENERATE_INFOPLIST_FILE = YES;
				MARKETING_VERSION = 1.0;
				PRODUCT_BUNDLE_IDENTIFIER = knstvk.dtpkrUITests;
				PRODUCT_NAME = "$(TARGET_NAME)";
				SWIFT_EMIT_LOC_STRINGS = NO;
				SWIFT_VERSION = 5.0;
				TEST_TARGET_NAME = dtpkr;
			};
			name = Debug;
		};
		6AA7C96D296AD3BC00861957 /* Release */ = {
			isa = XCBuildConfiguration;
			buildSettings = {
				ALWAYS_EMBED_SWIFT_STANDARD_LIBRARIES = YES;
				CODE_SIGN_STYLE = Automatic;
				CURRENT_PROJECT_VERSION = 1;
				GENERATE_INFOPLIST_FILE = YES;
				MARKETING_VERSION = 1.0;
				PRODUCT_BUNDLE_IDENTIFIER = knstvk.dtpkrUITests;
				PRODUCT_NAME = "$(TARGET_NAME)";
				SWIFT_EMIT_LOC_STRINGS = NO;
				SWIFT_VERSION = 5.0;
				TEST_TARGET_NAME = dtpkr;
			};
			name = Release;
		};
/* End XCBuildConfiguration section */

/* Begin XCConfigurationList section */
		6AA7C93B296AD3BB00861957 /* Build configuration list for PBXProject "dtpkr" */ = {
			isa = XCConfigurationList;
			buildConfigurations = (
				6AA7C963296AD3BC00861957 /* Debug */,
				6AA7C964296AD3BC00861957 /* Release */,
			);
			defaultConfigurationIsVisible = 0;
			defaultConfigurationName = Release;
		};
		6AA7C965296AD3BC00861957 /* Build configuration list for PBXNativeTarget "dtpkr" */ = {
			isa = XCConfigurationList;
			buildConfigurations = (
				6AA7C966296AD3BC00861957 /* Debug */,
				6AA7C967296AD3BC00861957 /* Release */,
			);
			defaultConfigurationIsVisible = 0;
			defaultConfigurationName = Release;
		};
		6AA7C968296AD3BC00861957 /* Build configuration list for PBXNativeTarget "dtpkrTests" */ = {
			isa = XCConfigurationList;
			buildConfigurations = (
				6AA7C969296AD3BC00861957 /* Debug */,
				6AA7C96A296AD3BC00861957 /* Release */,
			);
			defaultConfigurationIsVisible = 0;
			defaultConfigurationName = Release;
		};
		6AA7C96B296AD3BC00861957 /* Build configuration list for PBXNativeTarget "dtpkrUITests" */ = {
			isa = XCConfigurationList;
			buildConfigurations = (
				6AA7C96C296AD3BC00861957 /* Debug */,
				6AA7C96D296AD3BC00861957 /* Release */,
			);
			defaultConfigurationIsVisible = 0;
			defaultConfigurationName = Release;
		};
/* End XCConfigurationList section */
	};
	rootObject = 6AA7C938296AD3BB00861957 /* Project object */;
}
